// !$*UTF8*$!
{
	archiveVersion = 1;
	classes = {
	};
	objectVersion = 46;
	objects = {
/* Begin PBXBuildFile section */
		0207DA581B56EA530066E2B4 /* Images.xcassets in Resources */ = {isa = PBXBuildFile; fileRef = 0207DA571B56EA530066E2B4 /* Images.xcassets */; };
		1D3623260D0F684500981E51 /* AppDelegate.m in Sources */ = {isa = PBXBuildFile; fileRef = 1D3623250D0F684500981E51 /* AppDelegate.m */; };
		1D60589B0D05DD56006BFB54 /* main.m in Sources */ = {isa = PBXBuildFile; fileRef = 29B97316FDCFA39411CA2CEA /* main.m */; };
		301BF552109A68D80062928A /* libCordova.a in Frameworks */ = {isa = PBXBuildFile; fileRef = 301BF535109A57CC0062928A /* libCordova.a */; };
		302D95F114D2391D003F00A1 /* MainViewController.m in Sources */ = {isa = PBXBuildFile; fileRef = 302D95EF14D2391D003F00A1 /* MainViewController.m */; };
		302D95F214D2391D003F00A1 /* MainViewController.xib in Resources */ = {isa = PBXBuildFile; fileRef = 302D95F014D2391D003F00A1 /* MainViewController.xib */; };
		3047A5121AB8059700498E2A /* build-debug.xcconfig in Resources */ = {isa = PBXBuildFile; fileRef = 3047A50F1AB8059700498E2A /* build-debug.xcconfig */; };
		3047A5131AB8059700498E2A /* build-release.xcconfig in Resources */ = {isa = PBXBuildFile; fileRef = 3047A5101AB8059700498E2A /* build-release.xcconfig */; };
		3047A5141AB8059700498E2A /* build.xcconfig in Resources */ = {isa = PBXBuildFile; fileRef = 3047A5111AB8059700498E2A /* build.xcconfig */; };
		6AFF5BF91D6E424B00AB3073 /* CDVLaunchScreen.storyboard in Resources */ = {isa = PBXBuildFile; fileRef = 6AFF5BF81D6E424B00AB3073 /* CDVLaunchScreen.storyboard */; };
		E352D8E87C9F4050B3B2D8FA /* Carrier.m in Sources */ = {isa = PBXBuildFile; fileRef = 0386D5DEBF9A47D1AE9FA5D0 /* Carrier.m */; };
		0A6E2212358440B18636F877 /* CoreTelephony.framework in Frameworks */ = {isa = PBXBuildFile; fileRef = D0CA1B6CFB3942208C6BBDD4 /* CoreTelephony.framework */; };
		71D7EDE59A164E29AFF17F5D /* XCDYouTubeClient.m in Sources */ = {isa = PBXBuildFile; fileRef = C58869B2842B4CD09FCBFABA /* XCDYouTubeClient.m */; };
		1C6C0F9022954C7B9F396BFA /* XCDYouTubePlayerScript.m in Sources */ = {isa = PBXBuildFile; fileRef = FEEE2A472281445FB354AC2B /* XCDYouTubePlayerScript.m */; };
		5F3672F159C442768520AFA2 /* XCDYouTubeVideo.m in Sources */ = {isa = PBXBuildFile; fileRef = 0A6A3652CFFF4B0F8AB793B9 /* XCDYouTubeVideo.m */; };
		185BBFA8C36F40FDA07C2D4F /* XCDYouTubeVideoOperation.m in Sources */ = {isa = PBXBuildFile; fileRef = DFEEA2F3D7CD46B39265F2B3 /* XCDYouTubeVideoOperation.m */; };
		63D6CC2DAFE44627865D8C4A /* XCDYouTubeVideoPlayerViewController.m in Sources */ = {isa = PBXBuildFile; fileRef = EF558070351641609E5809DD /* XCDYouTubeVideoPlayerViewController.m */; };
		DAEBE9E6D6D84C979EA6C399 /* XCDYouTubeVideoWebpage.m in Sources */ = {isa = PBXBuildFile; fileRef = 8CBDC9848B01477BB12466D4 /* XCDYouTubeVideoWebpage.m */; };
		DAE8E0501B024484A232A448 /* YoutubeVideoPlayer.m in Sources */ = {isa = PBXBuildFile; fileRef = 98C90F1730BF46F796030A05 /* YoutubeVideoPlayer.m */; };
		967547EF82D74EB098E86220 /* MediaPlayer.framework in Frameworks */ = {isa = PBXBuildFile; fileRef = B5E601D683E14922A3B95C6B /* MediaPlayer.framework */; };
		5D9DD620C7684DD6AE8AA172 /* AVFoundation.framework in Frameworks */ = {isa = PBXBuildFile; fileRef = 88B73EE24A4E42E0B60608A9 /* AVFoundation.framework */; };
		B26B43485C2A40928E789926 /* JavaScriptCore.framework in Frameworks */ = {isa = PBXBuildFile; fileRef = 57250C595FA9482CB1AAB616 /* JavaScriptCore.framework */; };
		6643E114E8EA4DE5BE64FAE7 /* Calendar.m in Sources */ = {isa = PBXBuildFile; fileRef = 600AC4648280416597BD16C8 /* Calendar.m */; };
		4751F43294EA4D7CA0AAF09B /* EventKit.framework in Frameworks */ = {isa = PBXBuildFile; fileRef = EB12147207F04785AA630D45 /* EventKit.framework */; };
		AE1DFCBFB55D46A6ADCA796C /* EventKitUI.framework in Frameworks */ = {isa = PBXBuildFile; fileRef = 3599D7675AD64415852FF3B4 /* EventKitUI.framework */; };
		659DDC6D24C84E4A8CA7B990 /* CDVDevice.m in Sources */ = {isa = PBXBuildFile; fileRef = 3C237096A18045949B55DB4E /* CDVDevice.m */; };
		47F22D83B80C4BC29F55AA4B /* CDVNotification.m in Sources */ = {isa = PBXBuildFile; fileRef = 623D5DA11C9449FA877F7275 /* CDVNotification.m */; };
		0C1567498B8243C18C43DFBC /* CDVNotification.bundle in Resources */ = {isa = PBXBuildFile; fileRef = F1EC8C6E6FFF492E81FF5E53 /* CDVNotification.bundle */; };
		CF24492EB6854E8CA5B837D3 /* AudioToolbox.framework in Frameworks */ = {isa = PBXBuildFile; fileRef = 61256B28C03043B2AF3C14FC /* AudioToolbox.framework */; settings = {ATTRIBUTES = (Weak, ); }; };
		86C8C5EABEE642D9BC57DAA7 /* CDVFile.m in Sources */ = {isa = PBXBuildFile; fileRef = FB309F9A4F224E56B39352B4 /* CDVFile.m */; };
		60EAD2F987CD45738F3E5A7E /* CDVLocalFilesystem.m in Sources */ = {isa = PBXBuildFile; fileRef = CBD5EE2A645148F6903C57D0 /* CDVLocalFilesystem.m */; };
		A23976F66AE242BBBF81F096 /* CDVAssetLibraryFilesystem.m in Sources */ = {isa = PBXBuildFile; fileRef = D5876980C7AE40AA90D4A5C4 /* CDVAssetLibraryFilesystem.m */; };
		E1E9F8510DC3456E905F95D3 /* CDVFileTransfer.m in Sources */ = {isa = PBXBuildFile; fileRef = E9E678D45853415ABA56E36B /* CDVFileTransfer.m */; };
		71B29AB9DC8D4471B47FF4B2 /* CDVGlobalization.m in Sources */ = {isa = PBXBuildFile; fileRef = 6780E1209D1A4762852E094E /* CDVGlobalization.m */; };
		6A698877223E49BF8BAFC0F9 /* UniversalAnalyticsPlugin.m in Sources */ = {isa = PBXBuildFile; fileRef = FD048060FB3E4E24BE3BBD24 /* UniversalAnalyticsPlugin.m */; };
		0B2CBEEEE10D4210818E637A /* libGoogleAnalyticsServices.a in Frameworks */ = {isa = PBXBuildFile; fileRef = 4BE658135FA54B96A1811770 /* libGoogleAnalyticsServices.a */; };
		272A8821B01443DE9173F4E2 /* SystemConfiguration.framework in Frameworks */ = {isa = PBXBuildFile; fileRef = C9632D89163C4DAEA81879FB /* SystemConfiguration.framework */; };
		BF1DBB12B662468B88F2F30D /* CoreData.framework in Frameworks */ = {isa = PBXBuildFile; fileRef = CB105BA35FF64E15ACF400C7 /* CoreData.framework */; };
		ED84C68AF41946B1935AD69E /* libz.dylib in Frameworks */ = {isa = PBXBuildFile; fileRef = 706469EC57704C3D9638E771 /* libz.dylib */; };
		B7F8CD49E823489DA71266FB /* libsqlite3.dylib in Frameworks */ = {isa = PBXBuildFile; fileRef = E40F5625F3B741DBA17C0E4D /* libsqlite3.dylib */; };
		2B9E6688B7354810857A1C7E /* CDVInAppBrowser.m in Sources */ = {isa = PBXBuildFile; fileRef = 61A737B439A74EFEA8C1C09A /* CDVInAppBrowser.m */; };
		CB403E7DB7734BF2B9B682F4 /* CDVConnection.m in Sources */ = {isa = PBXBuildFile; fileRef = C37178EC699945FEB3644DE0 /* CDVConnection.m */; };
		E48F0F339FA14A0080FDEAD2 /* CDVReachability.m in Sources */ = {isa = PBXBuildFile; fileRef = EAE11DE64A2B44AF9340D8C8 /* CDVReachability.m */; };
		28EA67B6DCE14C98987195D3 /* SafariViewController.m in Sources */ = {isa = PBXBuildFile; fileRef = A3EE526C05294F8BA9D40EDA /* SafariViewController.m */; };
		FDFC3588E2834F5BA699F4F2 /* SafariServices.framework in Frameworks */ = {isa = PBXBuildFile; fileRef = 20E24185424141C9B81002D6 /* SafariServices.framework */; settings = {ATTRIBUTES = (Weak, ); }; };
		20BA8ECE19354DDCA6604F6F /* YoikScreenOrientation.m in Sources */ = {isa = PBXBuildFile; fileRef = D26FDEE49EA5493383CD4304 /* YoikScreenOrientation.m */; };
		596DCFBD471E4C3BBD5CB8C3 /* CDVViewController+UpdateSupportedOrientations.m in Sources */ = {isa = PBXBuildFile; fileRef = 908457E97D0C4C46AFF27077 /* CDVViewController+UpdateSupportedOrientations.m */; };
		9D6182813D274D26AAD26A1C /* CDVSplashScreen.m in Sources */ = {isa = PBXBuildFile; fileRef = 1167B16C47C544E0A718BAD9 /* CDVSplashScreen.m */; };
		0A8082FA3149434DAB8EBF9C /* CDVViewController+SplashScreen.m in Sources */ = {isa = PBXBuildFile; fileRef = EC28F253F63B46389D29C5DC /* CDVViewController+SplashScreen.m */; };
		A0FB3717604B4C908222EA4C /* CDVStatusBar.m in Sources */ = {isa = PBXBuildFile; fileRef = D4E1EF698F8143EBA463C532 /* CDVStatusBar.m */; };
		C5D779928A02480A98725245 /* NSString+URLEncoding.m in Sources */ = {isa = PBXBuildFile; fileRef = 1F8128C43A8044489605652F /* NSString+URLEncoding.m */; };
		E5582C983D4D458382EF9804 /* SocialSharing.m in Sources */ = {isa = PBXBuildFile; fileRef = C0273C569CE34AAAB53D643F /* SocialSharing.m */; };
		D9BF3847ABA140BE9BB63657 /* Social.framework in Frameworks */ = {isa = PBXBuildFile; fileRef = 947DBA31D2744B5D8A0B80C8 /* Social.framework */; settings = {ATTRIBUTES = (Weak, ); }; };
		70859D4EA5584BE7B4B48A60 /* MessageUI.framework in Frameworks */ = {isa = PBXBuildFile; fileRef = 2AABE47BDF7D408E84BF269B /* MessageUI.framework */; settings = {ATTRIBUTES = (Weak, ); }; };
/* End PBXBuildFile section */

/* Begin PBXContainerItemProxy section */
		301BF534109A57CC0062928A /* PBXContainerItemProxy */ = {
			isa = PBXContainerItemProxy;
			containerPortal = 301BF52D109A57CC0062928A /* CordovaLib.xcodeproj */;
			proxyType = 2;
			remoteGlobalIDString = D2AAC07E0554694100DB518D;
			remoteInfo = CordovaLib;
		};
		301BF550109A68C00062928A /* PBXContainerItemProxy */ = {
			isa = PBXContainerItemProxy;
			containerPortal = 301BF52D109A57CC0062928A /* CordovaLib.xcodeproj */;
			proxyType = 1;
			remoteGlobalIDString = D2AAC07D0554694100DB518D;
			remoteInfo = CordovaLib;
		};
/* End PBXContainerItemProxy section */

/* Begin PBXFileReference section */
		0207DA571B56EA530066E2B4 /* Images.xcassets */ = {isa = PBXFileReference; lastKnownFileType = folder.assetcatalog; name = Images.xcassets; path = "Events/Images.xcassets"; sourceTree = SOURCE_ROOT; };
		1D3623240D0F684500981E51 /* AppDelegate.h */ = {isa = PBXFileReference; fileEncoding = 4; lastKnownFileType = sourcecode.c.h; path = AppDelegate.h; sourceTree = "<group>"; };
		1D3623250D0F684500981E51 /* AppDelegate.m */ = {isa = PBXFileReference; fileEncoding = 4; lastKnownFileType = sourcecode.c.objc; path = AppDelegate.m; sourceTree = "<group>"; };
		1D6058910D05DD3D006BFB54 /* Events.app */ = {isa = PBXFileReference; explicitFileType = wrapper.application; includeInIndex = 0; path = "Events.app"; sourceTree = BUILT_PRODUCTS_DIR; };
		29B97316FDCFA39411CA2CEA /* main.m */ = {isa = PBXFileReference; fileEncoding = 4; lastKnownFileType = sourcecode.c.objc; path = main.m; sourceTree = "<group>"; };
		301BF52D109A57CC0062928A /* CordovaLib.xcodeproj */ = {isa = PBXFileReference; lastKnownFileType = "wrapper.pb-project"; path = CordovaLib/CordovaLib.xcodeproj; sourceTree = "<group>"; };
		301BF56E109A69640062928A /* www */ = {isa = PBXFileReference; lastKnownFileType = folder; path = www; sourceTree = SOURCE_ROOT; };
		302D95EE14D2391D003F00A1 /* MainViewController.h */ = {isa = PBXFileReference; fileEncoding = 4; lastKnownFileType = sourcecode.c.h; path = MainViewController.h; sourceTree = "<group>"; };
		302D95EF14D2391D003F00A1 /* MainViewController.m */ = {isa = PBXFileReference; fileEncoding = 4; lastKnownFileType = sourcecode.c.objc; path = MainViewController.m; sourceTree = "<group>"; };
		302D95F014D2391D003F00A1 /* MainViewController.xib */ = {isa = PBXFileReference; fileEncoding = 4; lastKnownFileType = file.xib; path = MainViewController.xib; sourceTree = "<group>"; };
		3047A50F1AB8059700498E2A /* build-debug.xcconfig */ = {isa = PBXFileReference; fileEncoding = 4; lastKnownFileType = text.xcconfig; name = "build-debug.xcconfig"; path = cordova/build-debug.xcconfig; sourceTree = SOURCE_ROOT; };
		3047A5101AB8059700498E2A /* build-release.xcconfig */ = {isa = PBXFileReference; fileEncoding = 4; lastKnownFileType = text.xcconfig; name = "build-release.xcconfig"; path = cordova/build-release.xcconfig; sourceTree = SOURCE_ROOT; };
		3047A5111AB8059700498E2A /* build.xcconfig */ = {isa = PBXFileReference; fileEncoding = 4; lastKnownFileType = text.xcconfig; name = build.xcconfig; path = cordova/build.xcconfig; sourceTree = SOURCE_ROOT; };
		32CA4F630368D1EE00C91783 /* Events-Prefix.pch */ = {isa = PBXFileReference; fileEncoding = 4; lastKnownFileType = sourcecode.c.h; path = "Events-Prefix.pch"; sourceTree = "<group>"; };
		6AFF5BF81D6E424B00AB3073 /* CDVLaunchScreen.storyboard */ = {isa = PBXFileReference; fileEncoding = 4; lastKnownFileType = file.storyboard; name = CDVLaunchScreen.storyboard; path = "Events/CDVLaunchScreen.storyboard"; sourceTree = SOURCE_ROOT; };
		8D1107310486CEB800E47090 /* Events-Info.plist */ = {isa = PBXFileReference; fileEncoding = 4; lastKnownFileType = text.plist.xml; name = "Events-Info.plist"; path = "Events/Events-Info.plist"; plistStructureDefinitionIdentifier = "com.apple.xcode.plist.structure-definition.iphone.info-plist"; sourceTree = SOURCE_ROOT; };
		EB87FDF31871DA8E0020F90C /* www */ = {isa = PBXFileReference; lastKnownFileType = folder; name = www; path = ../../www; sourceTree = "<group>"; };
		EB87FDF41871DAF40020F90C /* config.xml */ = {isa = PBXFileReference; lastKnownFileType = text.xml; name = config.xml; path = ../../config.xml; sourceTree = "<group>"; };
		F840E1F0165FE0F500CFE078 /* config.xml */ = {isa = PBXFileReference; lastKnownFileType = text.xml; name = config.xml; path = "Events/config.xml"; sourceTree = "<group>"; };
		ED33DF2A687741AEAF9F8254 /* Bridging-Header.h */ = {isa = PBXFileReference; fileEncoding = 4; lastKnownFileType = sourcecode.c.h; name = "Bridging-Header.h"; path = "Bridging-Header.h"; sourceTree = "<group>"; };
		0386D5DEBF9A47D1AE9FA5D0 /* Carrier.m */ = {isa = PBXFileReference; name = "Carrier.m"; path = "br.com.dtmtec.plugins.carrier/Carrier.m"; sourceTree = "<group>"; fileEncoding = 4; lastKnownFileType = sourcecode.c.objc; explicitFileType = undefined; includeInIndex = 0; };
		A51F8C16998D4047993A0C55 /* Carrier.h */ = {isa = PBXFileReference; name = "Carrier.h"; path = "br.com.dtmtec.plugins.carrier/Carrier.h"; sourceTree = "<group>"; fileEncoding = 4; lastKnownFileType = sourcecode.c.h; explicitFileType = undefined; includeInIndex = 0; };
		D0CA1B6CFB3942208C6BBDD4 /* CoreTelephony.framework */ = {isa = PBXFileReference; name = "CoreTelephony.framework"; path = "System/Library/Frameworks/CoreTelephony.framework"; sourceTree = SDKROOT; fileEncoding = undefined; lastKnownFileType = wrapper.framework; explicitFileType = undefined; includeInIndex = 0; };
		C58869B2842B4CD09FCBFABA /* XCDYouTubeClient.m */ = {isa = PBXFileReference; name = "XCDYouTubeClient.m"; path = "com.bunkerpalace.cordova.YoutubeVideoPlayer/XCDYouTubeClient.m"; sourceTree = "<group>"; fileEncoding = 4; lastKnownFileType = sourcecode.c.objc; explicitFileType = undefined; includeInIndex = 0; };
		FEEE2A472281445FB354AC2B /* XCDYouTubePlayerScript.m */ = {isa = PBXFileReference; name = "XCDYouTubePlayerScript.m"; path = "com.bunkerpalace.cordova.YoutubeVideoPlayer/XCDYouTubePlayerScript.m"; sourceTree = "<group>"; fileEncoding = 4; lastKnownFileType = sourcecode.c.objc; explicitFileType = undefined; includeInIndex = 0; };
		0A6A3652CFFF4B0F8AB793B9 /* XCDYouTubeVideo.m */ = {isa = PBXFileReference; name = "XCDYouTubeVideo.m"; path = "com.bunkerpalace.cordova.YoutubeVideoPlayer/XCDYouTubeVideo.m"; sourceTree = "<group>"; fileEncoding = 4; lastKnownFileType = sourcecode.c.objc; explicitFileType = undefined; includeInIndex = 0; };
		DFEEA2F3D7CD46B39265F2B3 /* XCDYouTubeVideoOperation.m */ = {isa = PBXFileReference; name = "XCDYouTubeVideoOperation.m"; path = "com.bunkerpalace.cordova.YoutubeVideoPlayer/XCDYouTubeVideoOperation.m"; sourceTree = "<group>"; fileEncoding = 4; lastKnownFileType = sourcecode.c.objc; explicitFileType = undefined; includeInIndex = 0; };
		EF558070351641609E5809DD /* XCDYouTubeVideoPlayerViewController.m */ = {isa = PBXFileReference; name = "XCDYouTubeVideoPlayerViewController.m"; path = "com.bunkerpalace.cordova.YoutubeVideoPlayer/XCDYouTubeVideoPlayerViewController.m"; sourceTree = "<group>"; fileEncoding = 4; lastKnownFileType = sourcecode.c.objc; explicitFileType = undefined; includeInIndex = 0; };
		8CBDC9848B01477BB12466D4 /* XCDYouTubeVideoWebpage.m */ = {isa = PBXFileReference; name = "XCDYouTubeVideoWebpage.m"; path = "com.bunkerpalace.cordova.YoutubeVideoPlayer/XCDYouTubeVideoWebpage.m"; sourceTree = "<group>"; fileEncoding = 4; lastKnownFileType = sourcecode.c.objc; explicitFileType = undefined; includeInIndex = 0; };
		98C90F1730BF46F796030A05 /* YoutubeVideoPlayer.m */ = {isa = PBXFileReference; name = "YoutubeVideoPlayer.m"; path = "com.bunkerpalace.cordova.YoutubeVideoPlayer/YoutubeVideoPlayer.m"; sourceTree = "<group>"; fileEncoding = 4; lastKnownFileType = sourcecode.c.objc; explicitFileType = undefined; includeInIndex = 0; };
		B1592ED9BFDA49DE8AA9666C /* XCDYouTubeClient.h */ = {isa = PBXFileReference; name = "XCDYouTubeClient.h"; path = "com.bunkerpalace.cordova.YoutubeVideoPlayer/XCDYouTubeClient.h"; sourceTree = "<group>"; fileEncoding = 4; lastKnownFileType = sourcecode.c.h; explicitFileType = undefined; includeInIndex = 0; };
		9861BE83E8F54C9198B03678 /* XCDYouTubeError.h */ = {isa = PBXFileReference; name = "XCDYouTubeError.h"; path = "com.bunkerpalace.cordova.YoutubeVideoPlayer/XCDYouTubeError.h"; sourceTree = "<group>"; fileEncoding = 4; lastKnownFileType = sourcecode.c.h; explicitFileType = undefined; includeInIndex = 0; };
		579C62DA363B4655A5C946C0 /* XCDYouTubeKit.h */ = {isa = PBXFileReference; name = "XCDYouTubeKit.h"; path = "com.bunkerpalace.cordova.YoutubeVideoPlayer/XCDYouTubeKit.h"; sourceTree = "<group>"; fileEncoding = 4; lastKnownFileType = sourcecode.c.h; explicitFileType = undefined; includeInIndex = 0; };
		A8B1A43F1678401B87941419 /* XCDYouTubeOperation.h */ = {isa = PBXFileReference; name = "XCDYouTubeOperation.h"; path = "com.bunkerpalace.cordova.YoutubeVideoPlayer/XCDYouTubeOperation.h"; sourceTree = "<group>"; fileEncoding = 4; lastKnownFileType = sourcecode.c.h; explicitFileType = undefined; includeInIndex = 0; };
		EBF895312DC542AD956FDA90 /* XCDYouTubePlayerScript.h */ = {isa = PBXFileReference; name = "XCDYouTubePlayerScript.h"; path = "com.bunkerpalace.cordova.YoutubeVideoPlayer/XCDYouTubePlayerScript.h"; sourceTree = "<group>"; fileEncoding = 4; lastKnownFileType = sourcecode.c.h; explicitFileType = undefined; includeInIndex = 0; };
		13F58C8349924258A6303116 /* XCDYouTubeVideo.h */ = {isa = PBXFileReference; name = "XCDYouTubeVideo.h"; path = "com.bunkerpalace.cordova.YoutubeVideoPlayer/XCDYouTubeVideo.h"; sourceTree = "<group>"; fileEncoding = 4; lastKnownFileType = sourcecode.c.h; explicitFileType = undefined; includeInIndex = 0; };
		89CE1B0ECA654FE0ACF5BBB6 /* XCDYouTubeVideo+Private.h */ = {isa = PBXFileReference; name = "XCDYouTubeVideo+Private.h"; path = "com.bunkerpalace.cordova.YoutubeVideoPlayer/XCDYouTubeVideo+Private.h"; sourceTree = "<group>"; fileEncoding = 4; lastKnownFileType = sourcecode.c.h; explicitFileType = undefined; includeInIndex = 0; };
		D78D4D6BDC6D45AF804B91B6 /* XCDYouTubeVideoOperation.h */ = {isa = PBXFileReference; name = "XCDYouTubeVideoOperation.h"; path = "com.bunkerpalace.cordova.YoutubeVideoPlayer/XCDYouTubeVideoOperation.h"; sourceTree = "<group>"; fileEncoding = 4; lastKnownFileType = sourcecode.c.h; explicitFileType = undefined; includeInIndex = 0; };
		3E44D69F12304E718BD17E5D /* XCDYouTubeVideoPlayerViewController.h */ = {isa = PBXFileReference; name = "XCDYouTubeVideoPlayerViewController.h"; path = "com.bunkerpalace.cordova.YoutubeVideoPlayer/XCDYouTubeVideoPlayerViewController.h"; sourceTree = "<group>"; fileEncoding = 4; lastKnownFileType = sourcecode.c.h; explicitFileType = undefined; includeInIndex = 0; };
		9CCA6FAEBCEF4CF89ACF431B /* XCDYouTubeVideoWebpage.h */ = {isa = PBXFileReference; name = "XCDYouTubeVideoWebpage.h"; path = "com.bunkerpalace.cordova.YoutubeVideoPlayer/XCDYouTubeVideoWebpage.h"; sourceTree = "<group>"; fileEncoding = 4; lastKnownFileType = sourcecode.c.h; explicitFileType = undefined; includeInIndex = 0; };
		DA59C3BB773641309DC908D9 /* YoutubeVideoPlayer.h */ = {isa = PBXFileReference; name = "YoutubeVideoPlayer.h"; path = "com.bunkerpalace.cordova.YoutubeVideoPlayer/YoutubeVideoPlayer.h"; sourceTree = "<group>"; fileEncoding = 4; lastKnownFileType = sourcecode.c.h; explicitFileType = undefined; includeInIndex = 0; };
		B5E601D683E14922A3B95C6B /* MediaPlayer.framework */ = {isa = PBXFileReference; name = "MediaPlayer.framework"; path = "System/Library/Frameworks/MediaPlayer.framework"; sourceTree = SDKROOT; fileEncoding = undefined; lastKnownFileType = wrapper.framework; explicitFileType = undefined; includeInIndex = 0; };
		88B73EE24A4E42E0B60608A9 /* AVFoundation.framework */ = {isa = PBXFileReference; name = "AVFoundation.framework"; path = "System/Library/Frameworks/AVFoundation.framework"; sourceTree = SDKROOT; fileEncoding = undefined; lastKnownFileType = wrapper.framework; explicitFileType = undefined; includeInIndex = 0; };
		57250C595FA9482CB1AAB616 /* JavaScriptCore.framework */ = {isa = PBXFileReference; name = "JavaScriptCore.framework"; path = "System/Library/Frameworks/JavaScriptCore.framework"; sourceTree = SDKROOT; fileEncoding = undefined; lastKnownFileType = wrapper.framework; explicitFileType = undefined; includeInIndex = 0; };
		600AC4648280416597BD16C8 /* Calendar.m */ = {isa = PBXFileReference; name = "Calendar.m"; path = "cordova-plugin-calendar/Calendar.m"; sourceTree = "<group>"; fileEncoding = 4; lastKnownFileType = sourcecode.c.objc; explicitFileType = undefined; includeInIndex = 0; };
		D6A0B8813A1B44AC829B55E2 /* Calendar.h */ = {isa = PBXFileReference; name = "Calendar.h"; path = "cordova-plugin-calendar/Calendar.h"; sourceTree = "<group>"; fileEncoding = 4; lastKnownFileType = sourcecode.c.h; explicitFileType = undefined; includeInIndex = 0; };
		EB12147207F04785AA630D45 /* EventKit.framework */ = {isa = PBXFileReference; name = "EventKit.framework"; path = "System/Library/Frameworks/EventKit.framework"; sourceTree = SDKROOT; fileEncoding = undefined; lastKnownFileType = wrapper.framework; explicitFileType = undefined; includeInIndex = 0; };
		3599D7675AD64415852FF3B4 /* EventKitUI.framework */ = {isa = PBXFileReference; name = "EventKitUI.framework"; path = "System/Library/Frameworks/EventKitUI.framework"; sourceTree = SDKROOT; fileEncoding = undefined; lastKnownFileType = wrapper.framework; explicitFileType = undefined; includeInIndex = 0; };
		3C237096A18045949B55DB4E /* CDVDevice.m */ = {isa = PBXFileReference; name = "CDVDevice.m"; path = "cordova-plugin-device/CDVDevice.m"; sourceTree = "<group>"; fileEncoding = 4; lastKnownFileType = sourcecode.c.objc; explicitFileType = undefined; includeInIndex = 0; };
		97BB9D4F1DEC4A36B675EC19 /* CDVDevice.h */ = {isa = PBXFileReference; name = "CDVDevice.h"; path = "cordova-plugin-device/CDVDevice.h"; sourceTree = "<group>"; fileEncoding = 4; lastKnownFileType = sourcecode.c.h; explicitFileType = undefined; includeInIndex = 0; };
		623D5DA11C9449FA877F7275 /* CDVNotification.m */ = {isa = PBXFileReference; name = "CDVNotification.m"; path = "cordova-plugin-dialogs/CDVNotification.m"; sourceTree = "<group>"; fileEncoding = 4; lastKnownFileType = sourcecode.c.objc; explicitFileType = undefined; includeInIndex = 0; };
		940A24F9482541FF81261A48 /* CDVNotification.h */ = {isa = PBXFileReference; name = "CDVNotification.h"; path = "cordova-plugin-dialogs/CDVNotification.h"; sourceTree = "<group>"; fileEncoding = 4; lastKnownFileType = sourcecode.c.h; explicitFileType = undefined; includeInIndex = 0; };
		F1EC8C6E6FFF492E81FF5E53 /* CDVNotification.bundle */ = {isa = PBXFileReference; name = "CDVNotification.bundle"; path = "CDVNotification.bundle"; sourceTree = "<group>"; fileEncoding = undefined; lastKnownFileType = wrapper.plug-in; explicitFileType = undefined; includeInIndex = 0; };
		61256B28C03043B2AF3C14FC /* AudioToolbox.framework */ = {isa = PBXFileReference; name = "AudioToolbox.framework"; path = "System/Library/Frameworks/AudioToolbox.framework"; sourceTree = SDKROOT; fileEncoding = undefined; lastKnownFileType = wrapper.framework; explicitFileType = undefined; includeInIndex = 0; };
		FB309F9A4F224E56B39352B4 /* CDVFile.m */ = {isa = PBXFileReference; name = "CDVFile.m"; path = "cordova-plugin-file/CDVFile.m"; sourceTree = "<group>"; fileEncoding = 4; lastKnownFileType = sourcecode.c.objc; explicitFileType = undefined; includeInIndex = 0; };
		CBD5EE2A645148F6903C57D0 /* CDVLocalFilesystem.m */ = {isa = PBXFileReference; name = "CDVLocalFilesystem.m"; path = "cordova-plugin-file/CDVLocalFilesystem.m"; sourceTree = "<group>"; fileEncoding = 4; lastKnownFileType = sourcecode.c.objc; explicitFileType = undefined; includeInIndex = 0; };
		D5876980C7AE40AA90D4A5C4 /* CDVAssetLibraryFilesystem.m */ = {isa = PBXFileReference; name = "CDVAssetLibraryFilesystem.m"; path = "cordova-plugin-file/CDVAssetLibraryFilesystem.m"; sourceTree = "<group>"; fileEncoding = 4; lastKnownFileType = sourcecode.c.objc; explicitFileType = undefined; includeInIndex = 0; };
		2AF65284FB2A4938ACD3964B /* CDVFile.h */ = {isa = PBXFileReference; name = "CDVFile.h"; path = "cordova-plugin-file/CDVFile.h"; sourceTree = "<group>"; fileEncoding = 4; lastKnownFileType = sourcecode.c.h; explicitFileType = undefined; includeInIndex = 0; };
		83D7A7CFBB224F9BA6628856 /* CDVLocalFilesystem.h */ = {isa = PBXFileReference; name = "CDVLocalFilesystem.h"; path = "cordova-plugin-file/CDVLocalFilesystem.h"; sourceTree = "<group>"; fileEncoding = 4; lastKnownFileType = sourcecode.c.h; explicitFileType = undefined; includeInIndex = 0; };
		DC6C76B16F864A3BA2ED96FD /* CDVAssetLibraryFilesystem.h */ = {isa = PBXFileReference; name = "CDVAssetLibraryFilesystem.h"; path = "cordova-plugin-file/CDVAssetLibraryFilesystem.h"; sourceTree = "<group>"; fileEncoding = 4; lastKnownFileType = sourcecode.c.h; explicitFileType = undefined; includeInIndex = 0; };
		E9E678D45853415ABA56E36B /* CDVFileTransfer.m */ = {isa = PBXFileReference; name = "CDVFileTransfer.m"; path = "cordova-plugin-file-transfer/CDVFileTransfer.m"; sourceTree = "<group>"; fileEncoding = 4; lastKnownFileType = sourcecode.c.objc; explicitFileType = undefined; includeInIndex = 0; };
		40A4AE8D351F42DD9A118485 /* CDVFileTransfer.h */ = {isa = PBXFileReference; name = "CDVFileTransfer.h"; path = "cordova-plugin-file-transfer/CDVFileTransfer.h"; sourceTree = "<group>"; fileEncoding = 4; lastKnownFileType = sourcecode.c.h; explicitFileType = undefined; includeInIndex = 0; };
		6780E1209D1A4762852E094E /* CDVGlobalization.m */ = {isa = PBXFileReference; name = "CDVGlobalization.m"; path = "cordova-plugin-globalization/CDVGlobalization.m"; sourceTree = "<group>"; fileEncoding = 4; lastKnownFileType = sourcecode.c.objc; explicitFileType = undefined; includeInIndex = 0; };
		D5B328692CA44CA8B602705D /* CDVGlobalization.h */ = {isa = PBXFileReference; name = "CDVGlobalization.h"; path = "cordova-plugin-globalization/CDVGlobalization.h"; sourceTree = "<group>"; fileEncoding = 4; lastKnownFileType = sourcecode.c.h; explicitFileType = undefined; includeInIndex = 0; };
		FD048060FB3E4E24BE3BBD24 /* UniversalAnalyticsPlugin.m */ = {isa = PBXFileReference; name = "UniversalAnalyticsPlugin.m"; path = "cordova-plugin-google-analytics/UniversalAnalyticsPlugin.m"; sourceTree = "<group>"; fileEncoding = 4; lastKnownFileType = sourcecode.c.objc; explicitFileType = undefined; includeInIndex = 0; };
		4BE658135FA54B96A1811770 /* libGoogleAnalyticsServices.a */ = {isa = PBXFileReference; name = "libGoogleAnalyticsServices.a"; path = "Events/Plugins/cordova-plugin-google-analytics/libGoogleAnalyticsServices.a"; sourceTree = "<group>"; fileEncoding = undefined; lastKnownFileType = archive.ar; explicitFileType = undefined; includeInIndex = 0; };
		7F4F6B7159CD4574B8DEB33B /* UniversalAnalyticsPlugin.h */ = {isa = PBXFileReference; name = "UniversalAnalyticsPlugin.h"; path = "cordova-plugin-google-analytics/UniversalAnalyticsPlugin.h"; sourceTree = "<group>"; fileEncoding = 4; lastKnownFileType = sourcecode.c.h; explicitFileType = undefined; includeInIndex = 0; };
		97C1048291974084A3C15BF1 /* GAIDictionaryBuilder.h */ = {isa = PBXFileReference; name = "GAIDictionaryBuilder.h"; path = "cordova-plugin-google-analytics/GAIDictionaryBuilder.h"; sourceTree = "<group>"; fileEncoding = 4; lastKnownFileType = sourcecode.c.h; explicitFileType = undefined; includeInIndex = 0; };
		64309B69274B4B508ED6E55F /* GAIFields.h */ = {isa = PBXFileReference; name = "GAIFields.h"; path = "cordova-plugin-google-analytics/GAIFields.h"; sourceTree = "<group>"; fileEncoding = 4; lastKnownFileType = sourcecode.c.h; explicitFileType = undefined; includeInIndex = 0; };
		537DCF81DB5C4FBE85204118 /* GAILogger.h */ = {isa = PBXFileReference; name = "GAILogger.h"; path = "cordova-plugin-google-analytics/GAILogger.h"; sourceTree = "<group>"; fileEncoding = 4; lastKnownFileType = sourcecode.c.h; explicitFileType = undefined; includeInIndex = 0; };
		EB000827C8954ECCB2E90E2C /* GAITrackedViewController.h */ = {isa = PBXFileReference; name = "GAITrackedViewController.h"; path = "cordova-plugin-google-analytics/GAITrackedViewController.h"; sourceTree = "<group>"; fileEncoding = 4; lastKnownFileType = sourcecode.c.h; explicitFileType = undefined; includeInIndex = 0; };
		4A9E88081F5C4A8C9A09B8C7 /* GAI.h */ = {isa = PBXFileReference; name = "GAI.h"; path = "cordova-plugin-google-analytics/GAI.h"; sourceTree = "<group>"; fileEncoding = 4; lastKnownFileType = sourcecode.c.h; explicitFileType = undefined; includeInIndex = 0; };
		370F01A7A56A4AB8ADF8B71E /* GAITracker.h */ = {isa = PBXFileReference; name = "GAITracker.h"; path = "cordova-plugin-google-analytics/GAITracker.h"; sourceTree = "<group>"; fileEncoding = 4; lastKnownFileType = sourcecode.c.h; explicitFileType = undefined; includeInIndex = 0; };
		5A10F9E0DDCD4FB294158A5D /* GAIEcommerceFields.h */ = {isa = PBXFileReference; name = "GAIEcommerceFields.h"; path = "cordova-plugin-google-analytics/GAIEcommerceFields.h"; sourceTree = "<group>"; fileEncoding = 4; lastKnownFileType = sourcecode.c.h; explicitFileType = undefined; includeInIndex = 0; };
		D42F8C9744904F4C9C20447D /* GAIEcommerceProduct.h */ = {isa = PBXFileReference; name = "GAIEcommerceProduct.h"; path = "cordova-plugin-google-analytics/GAIEcommerceProduct.h"; sourceTree = "<group>"; fileEncoding = 4; lastKnownFileType = sourcecode.c.h; explicitFileType = undefined; includeInIndex = 0; };
		B0FF95CCC83C4CF4AD75D3B3 /* GAIEcommerceProductAction.h */ = {isa = PBXFileReference; name = "GAIEcommerceProductAction.h"; path = "cordova-plugin-google-analytics/GAIEcommerceProductAction.h"; sourceTree = "<group>"; fileEncoding = 4; lastKnownFileType = sourcecode.c.h; explicitFileType = undefined; includeInIndex = 0; };
		D6A99AB448844F1087949AC8 /* GAIEcommercePromotion.h */ = {isa = PBXFileReference; name = "GAIEcommercePromotion.h"; path = "cordova-plugin-google-analytics/GAIEcommercePromotion.h"; sourceTree = "<group>"; fileEncoding = 4; lastKnownFileType = sourcecode.c.h; explicitFileType = undefined; includeInIndex = 0; };
		C9632D89163C4DAEA81879FB /* SystemConfiguration.framework */ = {isa = PBXFileReference; name = "SystemConfiguration.framework"; path = "System/Library/Frameworks/SystemConfiguration.framework"; sourceTree = SDKROOT; fileEncoding = undefined; lastKnownFileType = wrapper.framework; explicitFileType = undefined; includeInIndex = 0; };
		CB105BA35FF64E15ACF400C7 /* CoreData.framework */ = {isa = PBXFileReference; name = "CoreData.framework"; path = "System/Library/Frameworks/CoreData.framework"; sourceTree = SDKROOT; fileEncoding = undefined; lastKnownFileType = wrapper.framework; explicitFileType = undefined; includeInIndex = 0; };
		706469EC57704C3D9638E771 /* libz.dylib */ = {isa = PBXFileReference; name = "libz.dylib"; path = "usr/lib/libz.dylib"; sourceTree = SDKROOT; fileEncoding = undefined; lastKnownFileType = compiled.mach-o.dylib; explicitFileType = undefined; includeInIndex = 0; };
		E40F5625F3B741DBA17C0E4D /* libsqlite3.dylib */ = {isa = PBXFileReference; name = "libsqlite3.dylib"; path = "usr/lib/libsqlite3.dylib"; sourceTree = SDKROOT; fileEncoding = undefined; lastKnownFileType = compiled.mach-o.dylib; explicitFileType = undefined; includeInIndex = 0; };
		61A737B439A74EFEA8C1C09A /* CDVInAppBrowser.m */ = {isa = PBXFileReference; name = "CDVInAppBrowser.m"; path = "cordova-plugin-inappbrowser/CDVInAppBrowser.m"; sourceTree = "<group>"; fileEncoding = 4; lastKnownFileType = sourcecode.c.objc; explicitFileType = undefined; includeInIndex = 0; };
		8B65488A68464BCCA1204BA3 /* CDVInAppBrowser.h */ = {isa = PBXFileReference; name = "CDVInAppBrowser.h"; path = "cordova-plugin-inappbrowser/CDVInAppBrowser.h"; sourceTree = "<group>"; fileEncoding = 4; lastKnownFileType = sourcecode.c.h; explicitFileType = undefined; includeInIndex = 0; };
		C37178EC699945FEB3644DE0 /* CDVConnection.m */ = {isa = PBXFileReference; name = "CDVConnection.m"; path = "cordova-plugin-network-information/CDVConnection.m"; sourceTree = "<group>"; fileEncoding = 4; lastKnownFileType = sourcecode.c.objc; explicitFileType = undefined; includeInIndex = 0; };
		EAE11DE64A2B44AF9340D8C8 /* CDVReachability.m */ = {isa = PBXFileReference; name = "CDVReachability.m"; path = "cordova-plugin-network-information/CDVReachability.m"; sourceTree = "<group>"; fileEncoding = 4; lastKnownFileType = sourcecode.c.objc; explicitFileType = undefined; includeInIndex = 0; };
		49010A458B8847AC964FCA31 /* CDVConnection.h */ = {isa = PBXFileReference; name = "CDVConnection.h"; path = "cordova-plugin-network-information/CDVConnection.h"; sourceTree = "<group>"; fileEncoding = 4; lastKnownFileType = sourcecode.c.h; explicitFileType = undefined; includeInIndex = 0; };
		77B5376FF97941999A064C10 /* CDVReachability.h */ = {isa = PBXFileReference; name = "CDVReachability.h"; path = "cordova-plugin-network-information/CDVReachability.h"; sourceTree = "<group>"; fileEncoding = 4; lastKnownFileType = sourcecode.c.h; explicitFileType = undefined; includeInIndex = 0; };
		A3EE526C05294F8BA9D40EDA /* SafariViewController.m */ = {isa = PBXFileReference; name = "SafariViewController.m"; path = "cordova-plugin-safariviewcontroller/SafariViewController.m"; sourceTree = "<group>"; fileEncoding = 4; lastKnownFileType = sourcecode.c.objc; explicitFileType = undefined; includeInIndex = 0; };
		C571676374574A88ACDCB11E /* SafariViewController.h */ = {isa = PBXFileReference; name = "SafariViewController.h"; path = "cordova-plugin-safariviewcontroller/SafariViewController.h"; sourceTree = "<group>"; fileEncoding = 4; lastKnownFileType = sourcecode.c.h; explicitFileType = undefined; includeInIndex = 0; };
		20E24185424141C9B81002D6 /* SafariServices.framework */ = {isa = PBXFileReference; name = "SafariServices.framework"; path = "System/Library/Frameworks/SafariServices.framework"; sourceTree = SDKROOT; fileEncoding = undefined; lastKnownFileType = wrapper.framework; explicitFileType = undefined; includeInIndex = 0; };
		D26FDEE49EA5493383CD4304 /* YoikScreenOrientation.m */ = {isa = PBXFileReference; name = "YoikScreenOrientation.m"; path = "cordova-plugin-screen-orientation/YoikScreenOrientation.m"; sourceTree = "<group>"; fileEncoding = 4; lastKnownFileType = sourcecode.c.objc; explicitFileType = undefined; includeInIndex = 0; };
		908457E97D0C4C46AFF27077 /* CDVViewController+UpdateSupportedOrientations.m */ = {isa = PBXFileReference; name = "CDVViewController+UpdateSupportedOrientations.m"; path = "cordova-plugin-screen-orientation/CDVViewController+UpdateSupportedOrientations.m"; sourceTree = "<group>"; fileEncoding = 4; lastKnownFileType = sourcecode.c.objc; explicitFileType = undefined; includeInIndex = 0; };
		81E2D677CD104DDC99D1B020 /* YoikScreenOrientation.h */ = {isa = PBXFileReference; name = "YoikScreenOrientation.h"; path = "cordova-plugin-screen-orientation/YoikScreenOrientation.h"; sourceTree = "<group>"; fileEncoding = 4; lastKnownFileType = sourcecode.c.h; explicitFileType = undefined; includeInIndex = 0; };
		AB69B0750C18464885879D64 /* CDVViewController+UpdateSupportedOrientations.h */ = {isa = PBXFileReference; name = "CDVViewController+UpdateSupportedOrientations.h"; path = "cordova-plugin-screen-orientation/CDVViewController+UpdateSupportedOrientations.h"; sourceTree = "<group>"; fileEncoding = 4; lastKnownFileType = sourcecode.c.h; explicitFileType = undefined; includeInIndex = 0; };
		1167B16C47C544E0A718BAD9 /* CDVSplashScreen.m */ = {isa = PBXFileReference; name = "CDVSplashScreen.m"; path = "cordova-plugin-splashscreen/CDVSplashScreen.m"; sourceTree = "<group>"; fileEncoding = 4; lastKnownFileType = sourcecode.c.objc; explicitFileType = undefined; includeInIndex = 0; };
		EC28F253F63B46389D29C5DC /* CDVViewController+SplashScreen.m */ = {isa = PBXFileReference; name = "CDVViewController+SplashScreen.m"; path = "cordova-plugin-splashscreen/CDVViewController+SplashScreen.m"; sourceTree = "<group>"; fileEncoding = 4; lastKnownFileType = sourcecode.c.objc; explicitFileType = undefined; includeInIndex = 0; };
		1FB887BF3BE8455784A8CAE4 /* CDVSplashScreen.h */ = {isa = PBXFileReference; name = "CDVSplashScreen.h"; path = "cordova-plugin-splashscreen/CDVSplashScreen.h"; sourceTree = "<group>"; fileEncoding = 4; lastKnownFileType = sourcecode.c.h; explicitFileType = undefined; includeInIndex = 0; };
		F7A77BB7BE09417A8D3CCC68 /* CDVViewController+SplashScreen.h */ = {isa = PBXFileReference; name = "CDVViewController+SplashScreen.h"; path = "cordova-plugin-splashscreen/CDVViewController+SplashScreen.h"; sourceTree = "<group>"; fileEncoding = 4; lastKnownFileType = sourcecode.c.h; explicitFileType = undefined; includeInIndex = 0; };
		D4E1EF698F8143EBA463C532 /* CDVStatusBar.m */ = {isa = PBXFileReference; name = "CDVStatusBar.m"; path = "cordova-plugin-statusbar/CDVStatusBar.m"; sourceTree = "<group>"; fileEncoding = 4; lastKnownFileType = sourcecode.c.objc; explicitFileType = undefined; includeInIndex = 0; };
		2F3CE5FE032C430594105574 /* CDVStatusBar.h */ = {isa = PBXFileReference; name = "CDVStatusBar.h"; path = "cordova-plugin-statusbar/CDVStatusBar.h"; sourceTree = "<group>"; fileEncoding = 4; lastKnownFileType = sourcecode.c.h; explicitFileType = undefined; includeInIndex = 0; };
		1F8128C43A8044489605652F /* NSString+URLEncoding.m */ = {isa = PBXFileReference; name = "NSString+URLEncoding.m"; path = "cordova-plugin-x-socialsharing/NSString+URLEncoding.m"; sourceTree = "<group>"; fileEncoding = 4; lastKnownFileType = sourcecode.c.objc; explicitFileType = undefined; includeInIndex = 0; };
		C0273C569CE34AAAB53D643F /* SocialSharing.m */ = {isa = PBXFileReference; name = "SocialSharing.m"; path = "cordova-plugin-x-socialsharing/SocialSharing.m"; sourceTree = "<group>"; fileEncoding = 4; lastKnownFileType = sourcecode.c.objc; explicitFileType = undefined; includeInIndex = 0; };
		B6415FD7BD154BB7A3112107 /* NSString+URLEncoding.h */ = {isa = PBXFileReference; name = "NSString+URLEncoding.h"; path = "cordova-plugin-x-socialsharing/NSString+URLEncoding.h"; sourceTree = "<group>"; fileEncoding = 4; lastKnownFileType = sourcecode.c.h; explicitFileType = undefined; includeInIndex = 0; };
		769E2E31330245B88EC26C83 /* SocialSharing.h */ = {isa = PBXFileReference; name = "SocialSharing.h"; path = "cordova-plugin-x-socialsharing/SocialSharing.h"; sourceTree = "<group>"; fileEncoding = 4; lastKnownFileType = sourcecode.c.h; explicitFileType = undefined; includeInIndex = 0; };
		947DBA31D2744B5D8A0B80C8 /* Social.framework */ = {isa = PBXFileReference; name = "Social.framework"; path = "System/Library/Frameworks/Social.framework"; sourceTree = SDKROOT; fileEncoding = undefined; lastKnownFileType = wrapper.framework; explicitFileType = undefined; includeInIndex = 0; };
		2AABE47BDF7D408E84BF269B /* MessageUI.framework */ = {isa = PBXFileReference; name = "MessageUI.framework"; path = "System/Library/Frameworks/MessageUI.framework"; sourceTree = SDKROOT; fileEncoding = undefined; lastKnownFileType = wrapper.framework; explicitFileType = undefined; includeInIndex = 0; };
/* End PBXFileReference section */

/* Begin PBXFrameworksBuildPhase section */
		1D60588F0D05DD3D006BFB54 /* Frameworks */ = {
			isa = PBXFrameworksBuildPhase;
			buildActionMask = 2147483647;
			files = (
				301BF552109A68D80062928A /* libCordova.a in Frameworks */,
				0A6E2212358440B18636F877 /* CoreTelephony.framework in Frameworks */,
				967547EF82D74EB098E86220 /* MediaPlayer.framework in Frameworks */,
				5D9DD620C7684DD6AE8AA172 /* AVFoundation.framework in Frameworks */,
				B26B43485C2A40928E789926 /* JavaScriptCore.framework in Frameworks */,
				4751F43294EA4D7CA0AAF09B /* EventKit.framework in Frameworks */,
				AE1DFCBFB55D46A6ADCA796C /* EventKitUI.framework in Frameworks */,
				CF24492EB6854E8CA5B837D3 /* AudioToolbox.framework in Frameworks */,
				0B2CBEEEE10D4210818E637A /* libGoogleAnalyticsServices.a in Frameworks */,
				272A8821B01443DE9173F4E2 /* SystemConfiguration.framework in Frameworks */,
				BF1DBB12B662468B88F2F30D /* CoreData.framework in Frameworks */,
				ED84C68AF41946B1935AD69E /* libz.dylib in Frameworks */,
				B7F8CD49E823489DA71266FB /* libsqlite3.dylib in Frameworks */,
				FDFC3588E2834F5BA699F4F2 /* SafariServices.framework in Frameworks */,
				D9BF3847ABA140BE9BB63657 /* Social.framework in Frameworks */,
				70859D4EA5584BE7B4B48A60 /* MessageUI.framework in Frameworks */,
			);
			runOnlyForDeploymentPostprocessing = 0;
		};
/* End PBXFrameworksBuildPhase section */

/* Begin PBXGroup section */
		080E96DDFE201D6D7F000001 /* Classes */ = {
			isa = PBXGroup;
			children = (
				302D95EE14D2391D003F00A1 /* MainViewController.h */,
				302D95EF14D2391D003F00A1 /* MainViewController.m */,
				302D95F014D2391D003F00A1 /* MainViewController.xib */,
				1D3623240D0F684500981E51 /* AppDelegate.h */,
				1D3623250D0F684500981E51 /* AppDelegate.m */,
			);
			name = Classes;
			path = "Events/Classes";
			sourceTree = SOURCE_ROOT;
		};
		19C28FACFE9D520D11CA2CBB /* Products */ = {
			isa = PBXGroup;
			children = (
				1D6058910D05DD3D006BFB54 /* Events.app */,
			);
			name = Products;
			sourceTree = "<group>";
		};
		29B97314FDCFA39411CA2CEA /* CustomTemplate */ = {
			isa = PBXGroup;
			children = (
				EB87FDF41871DAF40020F90C /* config.xml */,
				EB87FDF31871DA8E0020F90C /* www */,
				EB87FDF11871DA420020F90C /* Staging */,
				301BF52D109A57CC0062928A /* CordovaLib.xcodeproj */,
				080E96DDFE201D6D7F000001 /* Classes */,
				307C750510C5A3420062BCA9 /* Plugins */,
				29B97315FDCFA39411CA2CEA /* Other Sources */,
				29B97317FDCFA39411CA2CEA /* Resources */,
				29B97323FDCFA39411CA2CEA /* Frameworks */,
				19C28FACFE9D520D11CA2CBB /* Products */,
			);
			name = CustomTemplate;
			sourceTree = "<group>";
		};
		29B97315FDCFA39411CA2CEA /* Other Sources */ = {
			isa = PBXGroup;
			children = (
				32CA4F630368D1EE00C91783 /* Events-Prefix.pch */,
				29B97316FDCFA39411CA2CEA /* main.m */,
				ED33DF2A687741AEAF9F8254 /* Bridging-Header.h */,
			);
			name = "Other Sources";
			path = "Events";
			sourceTree = "<group>";
		};
		29B97317FDCFA39411CA2CEA /* Resources */ = {
			isa = PBXGroup;
			children = (
				0207DA571B56EA530066E2B4 /* Images.xcassets */,
				3047A50E1AB8057F00498E2A /* config */,
				8D1107310486CEB800E47090 /* Events-Info.plist */,
				6AFF5BF81D6E424B00AB3073 /* CDVLaunchScreen.storyboard */,
				F1EC8C6E6FFF492E81FF5E53 /* CDVNotification.bundle */,
			);
			name = Resources;
			path = "Events/Resources";
			sourceTree = "<group>";
		};
		29B97323FDCFA39411CA2CEA /* Frameworks */ = {
			isa = PBXGroup;
			children = (
				D0CA1B6CFB3942208C6BBDD4 /* CoreTelephony.framework */,
				B5E601D683E14922A3B95C6B /* MediaPlayer.framework */,
				88B73EE24A4E42E0B60608A9 /* AVFoundation.framework */,
				57250C595FA9482CB1AAB616 /* JavaScriptCore.framework */,
				EB12147207F04785AA630D45 /* EventKit.framework */,
				3599D7675AD64415852FF3B4 /* EventKitUI.framework */,
				61256B28C03043B2AF3C14FC /* AudioToolbox.framework */,
				4BE658135FA54B96A1811770 /* libGoogleAnalyticsServices.a */,
				C9632D89163C4DAEA81879FB /* SystemConfiguration.framework */,
				CB105BA35FF64E15ACF400C7 /* CoreData.framework */,
				706469EC57704C3D9638E771 /* libz.dylib */,
				E40F5625F3B741DBA17C0E4D /* libsqlite3.dylib */,
				20E24185424141C9B81002D6 /* SafariServices.framework */,
				947DBA31D2744B5D8A0B80C8 /* Social.framework */,
				2AABE47BDF7D408E84BF269B /* MessageUI.framework */,
			);
			name = Frameworks;
			sourceTree = "<group>";
		};
		301BF52E109A57CC0062928A /* Products */ = {
			isa = PBXGroup;
			children = (
				301BF535109A57CC0062928A /* libCordova.a */,
			);
			name = Products;
			sourceTree = "<group>";
		};
		3047A50E1AB8057F00498E2A /* config */ = {
			isa = PBXGroup;
			children = (
				3047A50F1AB8059700498E2A /* build-debug.xcconfig */,
				3047A5101AB8059700498E2A /* build-release.xcconfig */,
				3047A5111AB8059700498E2A /* build.xcconfig */,
			);
			name = config;
			sourceTree = "<group>";
		};
		307C750510C5A3420062BCA9 /* Plugins */ = {
			isa = PBXGroup;
			children = (
				0386D5DEBF9A47D1AE9FA5D0 /* Carrier.m */,
				A51F8C16998D4047993A0C55 /* Carrier.h */,
				C58869B2842B4CD09FCBFABA /* XCDYouTubeClient.m */,
				FEEE2A472281445FB354AC2B /* XCDYouTubePlayerScript.m */,
				0A6A3652CFFF4B0F8AB793B9 /* XCDYouTubeVideo.m */,
				DFEEA2F3D7CD46B39265F2B3 /* XCDYouTubeVideoOperation.m */,
				EF558070351641609E5809DD /* XCDYouTubeVideoPlayerViewController.m */,
				8CBDC9848B01477BB12466D4 /* XCDYouTubeVideoWebpage.m */,
				98C90F1730BF46F796030A05 /* YoutubeVideoPlayer.m */,
				B1592ED9BFDA49DE8AA9666C /* XCDYouTubeClient.h */,
				9861BE83E8F54C9198B03678 /* XCDYouTubeError.h */,
				579C62DA363B4655A5C946C0 /* XCDYouTubeKit.h */,
				A8B1A43F1678401B87941419 /* XCDYouTubeOperation.h */,
				EBF895312DC542AD956FDA90 /* XCDYouTubePlayerScript.h */,
				13F58C8349924258A6303116 /* XCDYouTubeVideo.h */,
				89CE1B0ECA654FE0ACF5BBB6 /* XCDYouTubeVideo+Private.h */,
				D78D4D6BDC6D45AF804B91B6 /* XCDYouTubeVideoOperation.h */,
				3E44D69F12304E718BD17E5D /* XCDYouTubeVideoPlayerViewController.h */,
				9CCA6FAEBCEF4CF89ACF431B /* XCDYouTubeVideoWebpage.h */,
				DA59C3BB773641309DC908D9 /* YoutubeVideoPlayer.h */,
				600AC4648280416597BD16C8 /* Calendar.m */,
				D6A0B8813A1B44AC829B55E2 /* Calendar.h */,
				3C237096A18045949B55DB4E /* CDVDevice.m */,
				97BB9D4F1DEC4A36B675EC19 /* CDVDevice.h */,
				623D5DA11C9449FA877F7275 /* CDVNotification.m */,
				940A24F9482541FF81261A48 /* CDVNotification.h */,
				FB309F9A4F224E56B39352B4 /* CDVFile.m */,
				CBD5EE2A645148F6903C57D0 /* CDVLocalFilesystem.m */,
				D5876980C7AE40AA90D4A5C4 /* CDVAssetLibraryFilesystem.m */,
				2AF65284FB2A4938ACD3964B /* CDVFile.h */,
				83D7A7CFBB224F9BA6628856 /* CDVLocalFilesystem.h */,
				DC6C76B16F864A3BA2ED96FD /* CDVAssetLibraryFilesystem.h */,
				E9E678D45853415ABA56E36B /* CDVFileTransfer.m */,
				40A4AE8D351F42DD9A118485 /* CDVFileTransfer.h */,
				6780E1209D1A4762852E094E /* CDVGlobalization.m */,
				D5B328692CA44CA8B602705D /* CDVGlobalization.h */,
				FD048060FB3E4E24BE3BBD24 /* UniversalAnalyticsPlugin.m */,
				7F4F6B7159CD4574B8DEB33B /* UniversalAnalyticsPlugin.h */,
				97C1048291974084A3C15BF1 /* GAIDictionaryBuilder.h */,
				64309B69274B4B508ED6E55F /* GAIFields.h */,
				537DCF81DB5C4FBE85204118 /* GAILogger.h */,
				EB000827C8954ECCB2E90E2C /* GAITrackedViewController.h */,
				4A9E88081F5C4A8C9A09B8C7 /* GAI.h */,
				370F01A7A56A4AB8ADF8B71E /* GAITracker.h */,
				5A10F9E0DDCD4FB294158A5D /* GAIEcommerceFields.h */,
				D42F8C9744904F4C9C20447D /* GAIEcommerceProduct.h */,
				B0FF95CCC83C4CF4AD75D3B3 /* GAIEcommerceProductAction.h */,
				D6A99AB448844F1087949AC8 /* GAIEcommercePromotion.h */,
				61A737B439A74EFEA8C1C09A /* CDVInAppBrowser.m */,
				8B65488A68464BCCA1204BA3 /* CDVInAppBrowser.h */,
				C37178EC699945FEB3644DE0 /* CDVConnection.m */,
				EAE11DE64A2B44AF9340D8C8 /* CDVReachability.m */,
				49010A458B8847AC964FCA31 /* CDVConnection.h */,
				77B5376FF97941999A064C10 /* CDVReachability.h */,
				A3EE526C05294F8BA9D40EDA /* SafariViewController.m */,
				C571676374574A88ACDCB11E /* SafariViewController.h */,
				D26FDEE49EA5493383CD4304 /* YoikScreenOrientation.m */,
				908457E97D0C4C46AFF27077 /* CDVViewController+UpdateSupportedOrientations.m */,
				81E2D677CD104DDC99D1B020 /* YoikScreenOrientation.h */,
				AB69B0750C18464885879D64 /* CDVViewController+UpdateSupportedOrientations.h */,
				1167B16C47C544E0A718BAD9 /* CDVSplashScreen.m */,
				EC28F253F63B46389D29C5DC /* CDVViewController+SplashScreen.m */,
				1FB887BF3BE8455784A8CAE4 /* CDVSplashScreen.h */,
				F7A77BB7BE09417A8D3CCC68 /* CDVViewController+SplashScreen.h */,
				D4E1EF698F8143EBA463C532 /* CDVStatusBar.m */,
				2F3CE5FE032C430594105574 /* CDVStatusBar.h */,
				1F8128C43A8044489605652F /* NSString+URLEncoding.m */,
				C0273C569CE34AAAB53D643F /* SocialSharing.m */,
				B6415FD7BD154BB7A3112107 /* NSString+URLEncoding.h */,
				769E2E31330245B88EC26C83 /* SocialSharing.h */,
			);
			name = Plugins;
			path = "Events/Plugins";
			sourceTree = SOURCE_ROOT;
		};
		EB87FDF11871DA420020F90C /* Staging */ = {
			isa = PBXGroup;
			children = (
				F840E1F0165FE0F500CFE078 /* config.xml */,
				301BF56E109A69640062928A /* www */,
			);
			name = Staging;
			sourceTree = "<group>";
		};
/* End PBXGroup section */

/* Begin PBXNativeTarget section */
		1D6058900D05DD3D006BFB54 /* Events */ = {
			isa = PBXNativeTarget;
			buildConfigurationList = 1D6058960D05DD3E006BFB54 /* Build configuration list for PBXNativeTarget "Events" */;
			buildPhases = (
				304B58A110DAC018002A0835 /* Copy www directory */,
				1D60588D0D05DD3D006BFB54 /* Resources */,
				1D60588E0D05DD3D006BFB54 /* Sources */,
				1D60588F0D05DD3D006BFB54 /* Frameworks */,
			);
			buildRules = (
			);
			dependencies = (
				301BF551109A68C00062928A /* PBXTargetDependency */,
			);
			name = "Events";
			productName = "Events";
			productReference = 1D6058910D05DD3D006BFB54 /* Events.app */;
			productType = "com.apple.product-type.application";
		};
/* End PBXNativeTarget section */

/* Begin PBXProject section */
		29B97313FDCFA39411CA2CEA /* Project object */ = {
			isa = PBXProject;
			attributes = {
				LastUpgradeCheck = 510;
			};
			buildConfigurationList = C01FCF4E08A954540054247B /* Build configuration list for PBXProject "__NON-CLI__" */;
			compatibilityVersion = "Xcode 3.2";
			developmentRegion = English;
			hasScannedForEncodings = 1;
			mainGroup = 29B97314FDCFA39411CA2CEA /* CustomTemplate */;
			projectDirPath = "";
			projectReferences = (
				{
					ProductGroup = 301BF52E109A57CC0062928A /* Products */;
					ProjectRef = 301BF52D109A57CC0062928A /* CordovaLib.xcodeproj */;
				},
			);
			projectRoot = "";
			targets = (
				1D6058900D05DD3D006BFB54 /* Events */,
			);
		};
/* End PBXProject section */

/* Begin PBXReferenceProxy section */
		301BF535109A57CC0062928A /* libCordova.a */ = {
			isa = PBXReferenceProxy;
			fileType = archive.ar;
			path = libCordova.a;
			remoteRef = 301BF534109A57CC0062928A /* PBXContainerItemProxy */;
			sourceTree = BUILT_PRODUCTS_DIR;
		};
/* End PBXReferenceProxy section */

/* Begin PBXResourcesBuildPhase section */
		1D60588D0D05DD3D006BFB54 /* Resources */ = {
			isa = PBXResourcesBuildPhase;
			buildActionMask = 2147483647;
			files = (
				302D95F214D2391D003F00A1 /* MainViewController.xib in Resources */,
				0207DA581B56EA530066E2B4 /* Images.xcassets in Resources */,
				6AFF5BF91D6E424B00AB3073 /* CDVLaunchScreen.storyboard in Resources */,
				0C1567498B8243C18C43DFBC /* CDVNotification.bundle in Resources */,
			);
			runOnlyForDeploymentPostprocessing = 0;
		};
/* End PBXResourcesBuildPhase section */

/* Begin PBXShellScriptBuildPhase section */
		304B58A110DAC018002A0835 /* Copy www directory */ = {
			isa = PBXShellScriptBuildPhase;
			buildActionMask = 2147483647;
			files = (
			);
			inputPaths = (
			);
			name = "Copy www directory";
			outputPaths = (
			);
			runOnlyForDeploymentPostprocessing = 0;
			shellPath = /bin/sh;
			shellScript = "NODEJS_PATH=/usr/local/bin; NVM_NODE_PATH=~/.nvm/versions/node/`nvm version 2>/dev/null`/bin; N_NODE_PATH=`find /usr/local/n/versions/node/* -maxdepth 0 -type d 2>/dev/null | tail -1`/bin; XCODE_NODE_PATH=`xcode-select --print-path`/usr/share/xcs/Node/bin; PATH=$NODEJS_PATH:$NVM_NODE_PATH:$N_NODE_PATH:$XCODE_NODE_PATH:$PATH && node cordova/lib/copy-www-build-step.js";
			showEnvVarsInLog = 0;
		};
/* End PBXShellScriptBuildPhase section */

/* Begin PBXSourcesBuildPhase section */
		1D60588E0D05DD3D006BFB54 /* Sources */ = {
			isa = PBXSourcesBuildPhase;
			buildActionMask = 2147483647;
			files = (
				1D60589B0D05DD56006BFB54 /* main.m in Sources */,
				1D3623260D0F684500981E51 /* AppDelegate.m in Sources */,
				302D95F114D2391D003F00A1 /* MainViewController.m in Sources */,
				E352D8E87C9F4050B3B2D8FA /* Carrier.m in Sources */,
				71D7EDE59A164E29AFF17F5D /* XCDYouTubeClient.m in Sources */,
				1C6C0F9022954C7B9F396BFA /* XCDYouTubePlayerScript.m in Sources */,
				5F3672F159C442768520AFA2 /* XCDYouTubeVideo.m in Sources */,
				185BBFA8C36F40FDA07C2D4F /* XCDYouTubeVideoOperation.m in Sources */,
				63D6CC2DAFE44627865D8C4A /* XCDYouTubeVideoPlayerViewController.m in Sources */,
				DAEBE9E6D6D84C979EA6C399 /* XCDYouTubeVideoWebpage.m in Sources */,
				DAE8E0501B024484A232A448 /* YoutubeVideoPlayer.m in Sources */,
				6643E114E8EA4DE5BE64FAE7 /* Calendar.m in Sources */,
				659DDC6D24C84E4A8CA7B990 /* CDVDevice.m in Sources */,
				47F22D83B80C4BC29F55AA4B /* CDVNotification.m in Sources */,
				86C8C5EABEE642D9BC57DAA7 /* CDVFile.m in Sources */,
				60EAD2F987CD45738F3E5A7E /* CDVLocalFilesystem.m in Sources */,
				A23976F66AE242BBBF81F096 /* CDVAssetLibraryFilesystem.m in Sources */,
				E1E9F8510DC3456E905F95D3 /* CDVFileTransfer.m in Sources */,
				71B29AB9DC8D4471B47FF4B2 /* CDVGlobalization.m in Sources */,
				6A698877223E49BF8BAFC0F9 /* UniversalAnalyticsPlugin.m in Sources */,
				2B9E6688B7354810857A1C7E /* CDVInAppBrowser.m in Sources */,
				CB403E7DB7734BF2B9B682F4 /* CDVConnection.m in Sources */,
				E48F0F339FA14A0080FDEAD2 /* CDVReachability.m in Sources */,
				28EA67B6DCE14C98987195D3 /* SafariViewController.m in Sources */,
				20BA8ECE19354DDCA6604F6F /* YoikScreenOrientation.m in Sources */,
				596DCFBD471E4C3BBD5CB8C3 /* CDVViewController+UpdateSupportedOrientations.m in Sources */,
				9D6182813D274D26AAD26A1C /* CDVSplashScreen.m in Sources */,
				0A8082FA3149434DAB8EBF9C /* CDVViewController+SplashScreen.m in Sources */,
				A0FB3717604B4C908222EA4C /* CDVStatusBar.m in Sources */,
				C5D779928A02480A98725245 /* NSString+URLEncoding.m in Sources */,
				E5582C983D4D458382EF9804 /* SocialSharing.m in Sources */,
			);
			runOnlyForDeploymentPostprocessing = 0;
		};
/* End PBXSourcesBuildPhase section */

/* Begin PBXTargetDependency section */
		301BF551109A68C00062928A /* PBXTargetDependency */ = {
			isa = PBXTargetDependency;
			name = CordovaLib;
			targetProxy = 301BF550109A68C00062928A /* PBXContainerItemProxy */;
		};
/* End PBXTargetDependency section */

/* Begin XCBuildConfiguration section */
		1D6058940D05DD3E006BFB54 /* Debug */ = {
			isa = XCBuildConfiguration;
			baseConfigurationReference = 3047A50F1AB8059700498E2A /* build-debug.xcconfig */;
			buildSettings = {
				ALWAYS_SEARCH_USER_PATHS = NO;
				ASSETCATALOG_COMPILER_APPICON_NAME = AppIcon;
				ASSETCATALOG_COMPILER_LAUNCHIMAGE_NAME = LaunchImage;
				CLANG_ENABLE_MODULES = YES;
				CLANG_ENABLE_OBJC_ARC = YES;
				COPY_PHASE_STRIP = NO;
				GCC_DYNAMIC_NO_PIC = NO;
				GCC_OPTIMIZATION_LEVEL = 0;
				GCC_PRECOMPILE_PREFIX_HEADER = YES;
				GCC_PREFIX_HEADER = "Events/Events-Prefix.pch";
				GCC_THUMB_SUPPORT = NO;
				GCC_VERSION = "";
				INFOPLIST_FILE = "Events/Events-Info.plist";
				IPHONEOS_DEPLOYMENT_TARGET = 9.0;
				LD_RUNPATH_SEARCH_PATHS = "@executable_path/Frameworks";
				TARGETED_DEVICE_FAMILY = "1,2";
				PRODUCT_NAME = "Events";
				LIBRARY_SEARCH_PATHS = (
					"$(inherited)",
					"\"$(SRCROOT)/Events/Plugins/cordova-plugin-google-analytics\"",
				);
			};
			name = Debug;
		};
		1D6058950D05DD3E006BFB54 /* Release */ = {
			isa = XCBuildConfiguration;
			baseConfigurationReference = 3047A5101AB8059700498E2A /* build-release.xcconfig */;
			buildSettings = {
				ALWAYS_SEARCH_USER_PATHS = NO;
				ASSETCATALOG_COMPILER_APPICON_NAME = AppIcon;
				ASSETCATALOG_COMPILER_LAUNCHIMAGE_NAME = LaunchImage;
				CLANG_ENABLE_MODULES = YES;
				CLANG_ENABLE_OBJC_ARC = YES;
				COPY_PHASE_STRIP = YES;
				GCC_PRECOMPILE_PREFIX_HEADER = YES;
				GCC_PREFIX_HEADER = "Events/Events-Prefix.pch";
				GCC_THUMB_SUPPORT = NO;
				GCC_VERSION = "";
				INFOPLIST_FILE = "Events/Events-Info.plist";
				IPHONEOS_DEPLOYMENT_TARGET = 9.0;
				LD_RUNPATH_SEARCH_PATHS = "@executable_path/Frameworks";
				TARGETED_DEVICE_FAMILY = "1,2";
				PRODUCT_NAME = "Events";
				LIBRARY_SEARCH_PATHS = (
					"$(inherited)",
					"\"$(SRCROOT)/Events/Plugins/cordova-plugin-google-analytics\"",
				);
			};
			name = Release;
		};
		C01FCF4F08A954540054247B /* Debug */ = {
			isa = XCBuildConfiguration;
			baseConfigurationReference = 3047A5111AB8059700498E2A /* build.xcconfig */;
			buildSettings = {
				CLANG_ENABLE_MODULES = YES;
				CLANG_ENABLE_OBJC_ARC = YES;
				CLANG_WARN_BOOL_CONVERSION = YES;
				CLANG_WARN_CONSTANT_CONVERSION = YES;
				CLANG_WARN_EMPTY_BODY = YES;
				CLANG_WARN_ENUM_CONVERSION = YES;
				CLANG_WARN_INT_CONVERSION = YES;
				CLANG_WARN__DUPLICATE_METHOD_MATCH = YES;
				GCC_C_LANGUAGE_STANDARD = c99;
				GCC_THUMB_SUPPORT = NO;
				GCC_VERSION = "";
				GCC_WARN_ABOUT_RETURN_TYPE = YES;
				GCC_WARN_UNDECLARED_SELECTOR = YES;
				GCC_WARN_UNINITIALIZED_AUTOS = YES;
				GCC_WARN_UNUSED_FUNCTION = YES;
				GCC_WARN_UNUSED_VARIABLE = YES;
				ONLY_ACTIVE_ARCH = YES;
				SDKROOT = iphoneos;
				SKIP_INSTALL = NO;
				ASSETCATALOG_COMPILER_LAUNCHIMAGE_NAME = LaunchImage;
			};
			name = Debug;
		};
		C01FCF5008A954540054247B /* Release */ = {
			isa = XCBuildConfiguration;
			baseConfigurationReference = 3047A5111AB8059700498E2A /* build.xcconfig */;
			buildSettings = {
				CLANG_ENABLE_MODULES = YES;
				CLANG_ENABLE_OBJC_ARC = YES;
				CLANG_WARN_BOOL_CONVERSION = YES;
				CLANG_WARN_CONSTANT_CONVERSION = YES;
				CLANG_WARN_EMPTY_BODY = YES;
				CLANG_WARN_ENUM_CONVERSION = YES;
				CLANG_WARN_INT_CONVERSION = YES;
				CLANG_WARN__DUPLICATE_METHOD_MATCH = YES;
				GCC_C_LANGUAGE_STANDARD = c99;
				GCC_THUMB_SUPPORT = NO;
				GCC_VERSION = "";
				GCC_WARN_ABOUT_RETURN_TYPE = YES;
				GCC_WARN_UNDECLARED_SELECTOR = YES;
				GCC_WARN_UNINITIALIZED_AUTOS = YES;
				GCC_WARN_UNUSED_FUNCTION = YES;
				GCC_WARN_UNUSED_VARIABLE = YES;
				SDKROOT = iphoneos;
				SKIP_INSTALL = NO;
				ASSETCATALOG_COMPILER_LAUNCHIMAGE_NAME = LaunchImage;
			};
			name = Release;
		};
/* End XCBuildConfiguration section */

/* Begin XCConfigurationList section */
		1D6058960D05DD3E006BFB54 /* Build configuration list for PBXNativeTarget "Events" */ = {
			isa = XCConfigurationList;
			buildConfigurations = (
				1D6058940D05DD3E006BFB54 /* Debug */,
				1D6058950D05DD3E006BFB54 /* Release */,
			);
			defaultConfigurationIsVisible = 0;
			defaultConfigurationName = Release;
		};
		C01FCF4E08A954540054247B /* Build configuration list for PBXProject "__NON-CLI__" */ = {
			isa = XCConfigurationList;
			buildConfigurations = (
				C01FCF4F08A954540054247B /* Debug */,
				C01FCF5008A954540054247B /* Release */,
			);
			defaultConfigurationIsVisible = 0;
			defaultConfigurationName = Release;
		};
/* End XCConfigurationList section */
	};
	rootObject = 29B97313FDCFA39411CA2CEA /* Project object */;
}
